
Microsoft Visual Studio Solution File, Format Version 12.00
# Visual Studio Version 17
VisualStudioVersion = 17.5.002.0
MinimumVisualStudioVersion = 10.0.40219.1
Project("{9A19103F-16F7-4668-BE54-9A1E7A4F7556}") = "Basics", "Basics.csproj", "{E2AE026F-6749-447F-AED5-7C7D40D3EFA9}"
EndProject
Global
	GlobalSection(SolutionConfigurationPlatforms) = preSolution
		Debug|Any CPU = Debug|Any CPU
		Release|Any CPU = Release|Any CPU
	EndGlobalSection
	GlobalSection(ProjectConfigurationPlatforms) = postSolution
		{E2AE026F-6749-447F-AED5-7C7D40D3EFA9}.Debug|Any CPU.ActiveCfg = Debug|Any CPU
		{E2AE026F-6749-447F-AED5-7C7D40D3EFA9}.Debug|Any CPU.Build.0 = Debug|Any CPU
		{E2AE026F-6749-447F-AED5-7C7D40D3EFA9}.Release|Any CPU.ActiveCfg = Release|Any CPU
		{E2AE026F-6749-447F-AED5-7C7D40D3EFA9}.Release|Any CPU.Build.0 = Release|Any CPU
	EndGlobalSection
	GlobalSection(SolutionProperties) = preSolution
		HideSolutionNode = FALSE
	EndGlobalSection
	GlobalSection(ExtensibilityGlobals) = postSolution
		SolutionGuid = {5D76C3E8-0141-4010-BA7B-513D2FF69E28}
	EndGlobalSection
EndGlobal
