
Microsoft Visual Studio Solution File, Format Version 12.00
# Visual Studio Version 17
VisualStudioVersion = 17.5.002.0
MinimumVisualStudioVersion = 10.0.40219.1
Project("{9A19103F-16F7-4668-BE54-9A1E7A4F7556}") = "BtkAkademi", "BtkAkademi.csproj", "{45C302FD-FFD3-4B5C-BA57-5A40AA0D6133}"
EndProject
Global
	GlobalSection(SolutionConfigurationPlatforms) = preSolution
		Debug|Any CPU = Debug|Any CPU
		Release|Any CPU = Release|Any CPU
	EndGlobalSection
	GlobalSection(ProjectConfigurationPlatforms) = postSolution
		{45C302FD-FFD3-4B5C-BA57-5A40AA0D6133}.Debug|Any CPU.ActiveCfg = Debug|Any CPU
		{45C302FD-FFD3-4B5C-BA57-5A40AA0D6133}.Debug|Any CPU.Build.0 = Debug|Any CPU
		{45C302FD-FFD3-4B5C-BA57-5A40AA0D6133}.Release|Any CPU.ActiveCfg = Release|Any CPU
		{45C302FD-FFD3-4B5C-BA57-5A40AA0D6133}.Release|Any CPU.Build.0 = Release|Any CPU
	EndGlobalSection
	GlobalSection(SolutionProperties) = preSolution
		HideSolutionNode = FALSE
	EndGlobalSection
	GlobalSection(ExtensibilityGlobals) = postSolution
		SolutionGuid = {749242F9-4B69-43C6-8AE4-354E84DB2E89}
	EndGlobalSection
EndGlobal
